
Microsoft Visual Studio Solution File, Format Version 12.00
# Visual Studio Version 16
VisualStudioVersion = 16.0.29728.190
MinimumVisualStudioVersion = 10.0.40219.1
Project("{FAE04EC0-301F-11D3-BF4B-00C04F79EFBC}") = "appSistemaestudiantes", "appSistemaestudiantes\appSistemaestudiantes.csproj", "{737CBF61-06AA-4D33-83B0-EDC1170A41A0}"
EndProject
Global
	GlobalSection(SolutionConfigurationPlatforms) = preSolution
		Debug|Any CPU = Debug|Any CPU
		Release|Any CPU = Release|Any CPU
	EndGlobalSection
	GlobalSection(ProjectConfigurationPlatforms) = postSolution
		{737CBF61-06AA-4D33-83B0-EDC1170A41A0}.Debug|Any CPU.ActiveCfg = Debug|Any CPU
		{737CBF61-06AA-4D33-83B0-EDC1170A41A0}.Debug|Any CPU.Build.0 = Debug|Any CPU
		{737CBF61-06AA-4D33-83B0-EDC1170A41A0}.Release|Any CPU.ActiveCfg = Release|Any CPU
		{737CBF61-06AA-4D33-83B0-EDC1170A41A0}.Release|Any CPU.Build.0 = Release|Any CPU
	EndGlobalSection
	GlobalSection(SolutionProperties) = preSolution
		HideSolutionNode = FALSE
	EndGlobalSection
	GlobalSection(ExtensibilityGlobals) = postSolution
		SolutionGuid = {024B847D-927D-4F67-95B2-13FB69A6FC86}
	EndGlobalSection
EndGlobal
